
Microsoft Visual Studio Solution File, Format Version 12.00
# Visual Studio 14
VisualStudioVersion = 14.0.25123.0
MinimumVisualStudioVersion = 10.0.40219.1
Project("{2150E333-8FDC-42A3-9474-1A3956D46DE8}") = "src", "src", "{E2A23853-F539-409C-BC16-54BA8A96DFAE}"
EndProject
Project("{2150E333-8FDC-42A3-9474-1A3956D46DE8}") = "Solution Items", "Solution Items", "{59F6DF9B-51F5-4093-84B0-51839F6B6FD8}"
	ProjectSection(SolutionItems) = preProject
		global.json = global.json
	EndProjectSection
EndProject
Project("{8BB2217D-0F2D-49D1-97BC-3654ED321F3B}") = "OSPServer", "src\OSPServer\OSPServer.xproj", "{72FEB5C7-C79A-4A63-B520-35DFEED46551}"
EndProject
Global
	GlobalSection(SolutionConfigurationPlatforms) = preSolution
		Debug|Any CPU = Debug|Any CPU
		Release|Any CPU = Release|Any CPU
	EndGlobalSection
	GlobalSection(ProjectConfigurationPlatforms) = postSolution
		{72FEB5C7-C79A-4A63-B520-35DFEED46551}.Debug|Any CPU.ActiveCfg = Debug|Any CPU
		{72FEB5C7-C79A-4A63-B520-35DFEED46551}.Debug|Any CPU.Build.0 = Debug|Any CPU
		{72FEB5C7-C79A-4A63-B520-35DFEED46551}.Release|Any CPU.ActiveCfg = Release|Any CPU
		{72FEB5C7-C79A-4A63-B520-35DFEED46551}.Release|Any CPU.Build.0 = Release|Any CPU
	EndGlobalSection
	GlobalSection(SolutionProperties) = preSolution
		HideSolutionNode = FALSE
	EndGlobalSection
	GlobalSection(NestedProjects) = preSolution
		{72FEB5C7-C79A-4A63-B520-35DFEED46551} = {E2A23853-F539-409C-BC16-54BA8A96DFAE}
	EndGlobalSection
EndGlobal
